
Microsoft Visual Studio Solution File, Format Version 12.00
# Visual Studio 2013
VisualStudioVersion = 12.0.31101.0
MinimumVisualStudioVersion = 10.0.40219.1
Project("{FAE04EC0-301F-11D3-BF4B-00C04F79EFBC}") = "DisneyWaitingBatch", "DisneyWaitingBatch\DisneyWaitingBatch.csproj", "{25F965DB-A366-4066-9BDB-AEF034FF46A5}"
EndProject
Project("{FAE04EC0-301F-11D3-BF4B-00C04F79EFBC}") = "Common", "Common\Common.csproj", "{E7201CEE-3F1D-40EA-ABF8-503E6B2BF916}"
EndProject
Project("{FAE04EC0-301F-11D3-BF4B-00C04F79EFBC}") = "KurosukeDisneyAPI", "KurosukeDisneyAPI\KurosukeDisneyAPI.csproj", "{71B82D84-9C39-4C7A-A44C-0BEB83EF966B}"
EndProject
Project("{FAE04EC0-301F-11D3-BF4B-00C04F79EFBC}") = "PhoneApp", "PhoneApp\PhoneApp.csproj", "{11EFF988-8186-44C8-A7F7-853A6777ADBB}"
EndProject
Global
	GlobalSection(SolutionConfigurationPlatforms) = preSolution
		Debug|Any CPU = Debug|Any CPU
		Debug|ARM = Debug|ARM
		Debug|x64 = Debug|x64
		Debug|x86 = Debug|x86
		Release|Any CPU = Release|Any CPU
		Release|ARM = Release|ARM
		Release|x64 = Release|x64
		Release|x86 = Release|x86
	EndGlobalSection
	GlobalSection(ProjectConfigurationPlatforms) = postSolution
		{25F965DB-A366-4066-9BDB-AEF034FF46A5}.Debug|Any CPU.ActiveCfg = Debug|Any CPU
		{25F965DB-A366-4066-9BDB-AEF034FF46A5}.Debug|Any CPU.Build.0 = Debug|Any CPU
		{25F965DB-A366-4066-9BDB-AEF034FF46A5}.Debug|ARM.ActiveCfg = Debug|Any CPU
		{25F965DB-A366-4066-9BDB-AEF034FF46A5}.Debug|x64.ActiveCfg = Debug|Any CPU
		{25F965DB-A366-4066-9BDB-AEF034FF46A5}.Debug|x86.ActiveCfg = Debug|Any CPU
		{25F965DB-A366-4066-9BDB-AEF034FF46A5}.Release|Any CPU.ActiveCfg = Release|Any CPU
		{25F965DB-A366-4066-9BDB-AEF034FF46A5}.Release|Any CPU.Build.0 = Release|Any CPU
		{25F965DB-A366-4066-9BDB-AEF034FF46A5}.Release|ARM.ActiveCfg = Release|Any CPU
		{25F965DB-A366-4066-9BDB-AEF034FF46A5}.Release|x64.ActiveCfg = Release|Any CPU
		{25F965DB-A366-4066-9BDB-AEF034FF46A5}.Release|x86.ActiveCfg = Release|Any CPU
		{E7201CEE-3F1D-40EA-ABF8-503E6B2BF916}.Debug|Any CPU.ActiveCfg = Debug|Any CPU
		{E7201CEE-3F1D-40EA-ABF8-503E6B2BF916}.Debug|Any CPU.Build.0 = Debug|Any CPU
		{E7201CEE-3F1D-40EA-ABF8-503E6B2BF916}.Debug|ARM.ActiveCfg = Debug|Any CPU
		{E7201CEE-3F1D-40EA-ABF8-503E6B2BF916}.Debug|x64.ActiveCfg = Debug|Any CPU
		{E7201CEE-3F1D-40EA-ABF8-503E6B2BF916}.Debug|x86.ActiveCfg = Debug|Any CPU
		{E7201CEE-3F1D-40EA-ABF8-503E6B2BF916}.Release|Any CPU.ActiveCfg = Release|Any CPU
		{E7201CEE-3F1D-40EA-ABF8-503E6B2BF916}.Release|Any CPU.Build.0 = Release|Any CPU
		{E7201CEE-3F1D-40EA-ABF8-503E6B2BF916}.Release|ARM.ActiveCfg = Release|Any CPU
		{E7201CEE-3F1D-40EA-ABF8-503E6B2BF916}.Release|x64.ActiveCfg = Release|Any CPU
		{E7201CEE-3F1D-40EA-ABF8-503E6B2BF916}.Release|x86.ActiveCfg = Release|Any CPU
		{71B82D84-9C39-4C7A-A44C-0BEB83EF966B}.Debug|Any CPU.ActiveCfg = Debug|Any CPU
		{71B82D84-9C39-4C7A-A44C-0BEB83EF966B}.Debug|Any CPU.Build.0 = Debug|Any CPU
		{71B82D84-9C39-4C7A-A44C-0BEB83EF966B}.Debug|ARM.ActiveCfg = Debug|Any CPU
		{71B82D84-9C39-4C7A-A44C-0BEB83EF966B}.Debug|x64.ActiveCfg = Debug|Any CPU
		{71B82D84-9C39-4C7A-A44C-0BEB83EF966B}.Debug|x86.ActiveCfg = Debug|Any CPU
		{71B82D84-9C39-4C7A-A44C-0BEB83EF966B}.Release|Any CPU.ActiveCfg = Release|Any CPU
		{71B82D84-9C39-4C7A-A44C-0BEB83EF966B}.Release|Any CPU.Build.0 = Release|Any CPU
		{71B82D84-9C39-4C7A-A44C-0BEB83EF966B}.Release|ARM.ActiveCfg = Release|Any CPU
		{71B82D84-9C39-4C7A-A44C-0BEB83EF966B}.Release|x64.ActiveCfg = Release|Any CPU
		{71B82D84-9C39-4C7A-A44C-0BEB83EF966B}.Release|x86.ActiveCfg = Release|Any CPU
		{11EFF988-8186-44C8-A7F7-853A6777ADBB}.Debug|Any CPU.ActiveCfg = Debug|Any CPU
		{11EFF988-8186-44C8-A7F7-853A6777ADBB}.Debug|Any CPU.Build.0 = Debug|Any CPU
		{11EFF988-8186-44C8-A7F7-853A6777ADBB}.Debug|Any CPU.Deploy.0 = Debug|Any CPU
		{11EFF988-8186-44C8-A7F7-853A6777ADBB}.Debug|ARM.ActiveCfg = Debug|ARM
		{11EFF988-8186-44C8-A7F7-853A6777ADBB}.Debug|ARM.Build.0 = Debug|ARM
		{11EFF988-8186-44C8-A7F7-853A6777ADBB}.Debug|ARM.Deploy.0 = Debug|ARM
		{11EFF988-8186-44C8-A7F7-853A6777ADBB}.Debug|x64.ActiveCfg = Debug|Any CPU
		{11EFF988-8186-44C8-A7F7-853A6777ADBB}.Debug|x86.ActiveCfg = Debug|x86
		{11EFF988-8186-44C8-A7F7-853A6777ADBB}.Debug|x86.Build.0 = Debug|x86
		{11EFF988-8186-44C8-A7F7-853A6777ADBB}.Debug|x86.Deploy.0 = Debug|x86
		{11EFF988-8186-44C8-A7F7-853A6777ADBB}.Release|Any CPU.ActiveCfg = Release|Any CPU
		{11EFF988-8186-44C8-A7F7-853A6777ADBB}.Release|Any CPU.Build.0 = Release|Any CPU
		{11EFF988-8186-44C8-A7F7-853A6777ADBB}.Release|Any CPU.Deploy.0 = Release|Any CPU
		{11EFF988-8186-44C8-A7F7-853A6777ADBB}.Release|ARM.ActiveCfg = Release|ARM
		{11EFF988-8186-44C8-A7F7-853A6777ADBB}.Release|ARM.Build.0 = Release|ARM
		{11EFF988-8186-44C8-A7F7-853A6777ADBB}.Release|ARM.Deploy.0 = Release|ARM
		{11EFF988-8186-44C8-A7F7-853A6777ADBB}.Release|x64.ActiveCfg = Release|Any CPU
		{11EFF988-8186-44C8-A7F7-853A6777ADBB}.Release|x86.ActiveCfg = Release|x86
		{11EFF988-8186-44C8-A7F7-853A6777ADBB}.Release|x86.Build.0 = Release|x86
		{11EFF988-8186-44C8-A7F7-853A6777ADBB}.Release|x86.Deploy.0 = Release|x86
	EndGlobalSection
	GlobalSection(SolutionProperties) = preSolution
		HideSolutionNode = FALSE
	EndGlobalSection
EndGlobal
